// !$*UTF8*$!
{
	archiveVersion = 1;
	classes = {
	};
	objectVersion = 46;
	objects = {

/* Begin PBXBuildFile section */
		2BF520B91AD8804200B49F60 /* AppDelegate.swift in Sources */ = {isa = PBXBuildFile; fileRef = 2BF520B81AD8804200B49F60 /* AppDelegate.swift */; };
		2BF520BB1AD8804200B49F60 /* ViewController.swift in Sources */ = {isa = PBXBuildFile; fileRef = 2BF520BA1AD8804200B49F60 /* ViewController.swift */; };
		2BF520BE1AD8804200B49F60 /* Main.storyboard in Resources */ = {isa = PBXBuildFile; fileRef = 2BF520BC1AD8804200B49F60 /* Main.storyboard */; };
		2BF520C01AD8804200B49F60 /* Images.xcassets in Resources */ = {isa = PBXBuildFile; fileRef = 2BF520BF1AD8804200B49F60 /* Images.xcassets */; };
		2BF520C31AD8804200B49F60 /* LaunchScreen.xib in Resources */ = {isa = PBXBuildFile; fileRef = 2BF520C11AD8804200B49F60 /* LaunchScreen.xib */; };
		2BF520CF1AD8804200B49F60 /* is_it_primeTests.swift in Sources */ = {isa = PBXBuildFile; fileRef = 2BF520CE1AD8804200B49F60 /* is_it_primeTests.swift */; };
		2BF520E21AD8807300B49F60 /* InterfaceController.swift in Sources */ = {isa = PBXBuildFile; fileRef = 2BF520E11AD8807300B49F60 /* InterfaceController.swift */; };
		2BF520E41AD8807300B49F60 /* NotificationController.swift in Sources */ = {isa = PBXBuildFile; fileRef = 2BF520E31AD8807300B49F60 /* NotificationController.swift */; };
		2BF520E61AD8807300B49F60 /* Images.xcassets in Resources */ = {isa = PBXBuildFile; fileRef = 2BF520E51AD8807300B49F60 /* Images.xcassets */; };
		2BF520EA1AD8807400B49F60 /* is it prime WatchKit App.app in Resources */ = {isa = PBXBuildFile; fileRef = 2BF520E91AD8807300B49F60 /* is it prime WatchKit App.app */; };
		2BF520F21AD8807400B49F60 /* Interface.storyboard in Resources */ = {isa = PBXBuildFile; fileRef = 2BF520F01AD8807400B49F60 /* Interface.storyboard */; };
		2BF520F41AD8807400B49F60 /* Images.xcassets in Resources */ = {isa = PBXBuildFile; fileRef = 2BF520F31AD8807400B49F60 /* Images.xcassets */; };
		2BF520F71AD8807400B49F60 /* is it prime WatchKit Extension.appex in Embed App Extensions */ = {isa = PBXBuildFile; fileRef = 2BF520DC1AD8807300B49F60 /* is it prime WatchKit Extension.appex */; settings = {ATTRIBUTES = (RemoveHeadersOnCopy, ); }; };
/* End PBXBuildFile section */

/* Begin PBXContainerItemProxy section */
		2BF520C91AD8804200B49F60 /* PBXContainerItemProxy */ = {
			isa = PBXContainerItemProxy;
			containerPortal = 2BF520AB1AD8804100B49F60 /* Project object */;
			proxyType = 1;
			remoteGlobalIDString = 2BF520B21AD8804100B49F60;
			remoteInfo = "is it prime";
		};
		2BF520EB1AD8807400B49F60 /* PBXContainerItemProxy */ = {
			isa = PBXContainerItemProxy;
			containerPortal = 2BF520AB1AD8804100B49F60 /* Project object */;
			proxyType = 1;
			remoteGlobalIDString = 2BF520E81AD8807300B49F60;
			remoteInfo = "is it prime WatchKit App";
		};
		2BF520F51AD8807400B49F60 /* PBXContainerItemProxy */ = {
			isa = PBXContainerItemProxy;
			containerPortal = 2BF520AB1AD8804100B49F60 /* Project object */;
			proxyType = 1;
			remoteGlobalIDString = 2BF520DB1AD8807300B49F60;
			remoteInfo = "is it prime WatchKit Extension";
		};
/* End PBXContainerItemProxy section */

/* Begin PBXCopyFilesBuildPhase section */
		2BF520FE1AD8807400B49F60 /* Embed App Extensions */ = {
			isa = PBXCopyFilesBuildPhase;
			buildActionMask = 2147483647;
			dstPath = "";
			dstSubfolderSpec = 13;
			files = (
				2BF520F71AD8807400B49F60 /* is it prime WatchKit Extension.appex in Embed App Extensions */,
			);
			name = "Embed App Extensions";
			runOnlyForDeploymentPostprocessing = 0;
		};
/* End PBXCopyFilesBuildPhase section */

/* Begin PBXFileReference section */
		2BF520B31AD8804100B49F60 /* is it prime.app */ = {isa = PBXFileReference; explicitFileType = wrapper.application; includeInIndex = 0; path = "is it prime.app"; sourceTree = BUILT_PRODUCTS_DIR; };
		2BF520B71AD8804200B49F60 /* Info.plist */ = {isa = PBXFileReference; lastKnownFileType = text.plist.xml; path = Info.plist; sourceTree = "<group>"; };
		2BF520B81AD8804200B49F60 /* AppDelegate.swift */ = {isa = PBXFileReference; lastKnownFileType = sourcecode.swift; path = AppDelegate.swift; sourceTree = "<group>"; };
		2BF520BA1AD8804200B49F60 /* ViewController.swift */ = {isa = PBXFileReference; lastKnownFileType = sourcecode.swift; path = ViewController.swift; sourceTree = "<group>"; };
		2BF520BD1AD8804200B49F60 /* Base */ = {isa = PBXFileReference; lastKnownFileType = file.storyboard; name = Base; path = Base.lproj/Main.storyboard; sourceTree = "<group>"; };
		2BF520BF1AD8804200B49F60 /* Images.xcassets */ = {isa = PBXFileReference; lastKnownFileType = folder.assetcatalog; path = Images.xcassets; sourceTree = "<group>"; };
		2BF520C21AD8804200B49F60 /* Base */ = {isa = PBXFileReference; lastKnownFileType = file.xib; name = Base; path = Base.lproj/LaunchScreen.xib; sourceTree = "<group>"; };
		2BF520C81AD8804200B49F60 /* is it primeTests.xctest */ = {isa = PBXFileReference; explicitFileType = wrapper.cfbundle; includeInIndex = 0; path = "is it primeTests.xctest"; sourceTree = BUILT_PRODUCTS_DIR; };
		2BF520CD1AD8804200B49F60 /* Info.plist */ = {isa = PBXFileReference; lastKnownFileType = text.plist.xml; path = Info.plist; sourceTree = "<group>"; };
		2BF520CE1AD8804200B49F60 /* is_it_primeTests.swift */ = {isa = PBXFileReference; lastKnownFileType = sourcecode.swift; path = is_it_primeTests.swift; sourceTree = "<group>"; };
		2BF520DC1AD8807300B49F60 /* is it prime WatchKit Extension.appex */ = {isa = PBXFileReference; explicitFileType = "wrapper.app-extension"; includeInIndex = 0; path = "is it prime WatchKit Extension.appex"; sourceTree = BUILT_PRODUCTS_DIR; };
		2BF520DF1AD8807300B49F60 /* Info.plist */ = {isa = PBXFileReference; lastKnownFileType = text.plist.xml; path = Info.plist; sourceTree = "<group>"; };
		2BF520E01AD8807300B49F60 /* PushNotificationPayload.apns */ = {isa = PBXFileReference; lastKnownFileType = text; path = PushNotificationPayload.apns; sourceTree = "<group>"; };
		2BF520E11AD8807300B49F60 /* InterfaceController.swift */ = {isa = PBXFileReference; lastKnownFileType = sourcecode.swift; path = InterfaceController.swift; sourceTree = "<group>"; };
		2BF520E31AD8807300B49F60 /* NotificationController.swift */ = {isa = PBXFileReference; lastKnownFileType = sourcecode.swift; path = NotificationController.swift; sourceTree = "<group>"; };
		2BF520E51AD8807300B49F60 /* Images.xcassets */ = {isa = PBXFileReference; lastKnownFileType = folder.assetcatalog; path = Images.xcassets; sourceTree = "<group>"; };
		2BF520E91AD8807300B49F60 /* is it prime WatchKit App.app */ = {isa = PBXFileReference; explicitFileType = wrapper.application; includeInIndex = 0; path = "is it prime WatchKit App.app"; sourceTree = BUILT_PRODUCTS_DIR; };
		2BF520EF1AD8807400B49F60 /* Info.plist */ = {isa = PBXFileReference; lastKnownFileType = text.plist.xml; path = Info.plist; sourceTree = "<group>"; };
		2BF520F11AD8807400B49F60 /* Base */ = {isa = PBXFileReference; lastKnownFileType = file.storyboard; name = Base; path = Base.lproj/Interface.storyboard; sourceTree = "<group>"; };
		2BF520F31AD8807400B49F60 /* Images.xcassets */ = {isa = PBXFileReference; lastKnownFileType = folder.assetcatalog; path = Images.xcassets; sourceTree = "<group>"; };
/* End PBXFileReference section */

/* Begin PBXFrameworksBuildPhase section */
		2BF520B01AD8804100B49F60 /* Frameworks */ = {
			isa = PBXFrameworksBuildPhase;
			buildActionMask = 2147483647;
			files = (
			);
			runOnlyForDeploymentPostprocessing = 0;
		};
		2BF520C51AD8804200B49F60 /* Frameworks */ = {
			isa = PBXFrameworksBuildPhase;
			buildActionMask = 2147483647;
			files = (
			);
			runOnlyForDeploymentPostprocessing = 0;
		};
		2BF520D91AD8807300B49F60 /* Frameworks */ = {
			isa = PBXFrameworksBuildPhase;
			buildActionMask = 2147483647;
			files = (
			);
			runOnlyForDeploymentPostprocessing = 0;
		};
/* End PBXFrameworksBuildPhase section */

/* Begin PBXGroup section */
		2BF520AA1AD8804100B49F60 = {
			isa = PBXGroup;
			children = (
				2BF520B51AD8804100B49F60 /* is it prime */,
				2BF520CB1AD8804200B49F60 /* is it primeTests */,
				2BF520DD1AD8807300B49F60 /* is it prime WatchKit Extension */,
				2BF520ED1AD8807400B49F60 /* is it prime WatchKit App */,
				2BF520B41AD8804100B49F60 /* Products */,
			);
			sourceTree = "<group>";
		};
		2BF520B41AD8804100B49F60 /* Products */ = {
			isa = PBXGroup;
			children = (
				2BF520B31AD8804100B49F60 /* is it prime.app */,
				2BF520C81AD8804200B49F60 /* is it primeTests.xctest */,
				2BF520DC1AD8807300B49F60 /* is it prime WatchKit Extension.appex */,
				2BF520E91AD8807300B49F60 /* is it prime WatchKit App.app */,
			);
			name = Products;
			sourceTree = "<group>";
		};
		2BF520B51AD8804100B49F60 /* is it prime */ = {
			isa = PBXGroup;
			children = (
				2BF520B81AD8804200B49F60 /* AppDelegate.swift */,
				2BF520BA1AD8804200B49F60 /* ViewController.swift */,
				2BF520BC1AD8804200B49F60 /* Main.storyboard */,
				2BF520BF1AD8804200B49F60 /* Images.xcassets */,
				2BF520C11AD8804200B49F60 /* LaunchScreen.xib */,
				2BF520B61AD8804200B49F60 /* Supporting Files */,
			);
			path = "is it prime";
			sourceTree = "<group>";
		};
		2BF520B61AD8804200B49F60 /* Supporting Files */ = {
			isa = PBXGroup;
			children = (
				2BF520B71AD8804200B49F60 /* Info.plist */,
			);
			name = "Supporting Files";
			sourceTree = "<group>";
		};
		2BF520CB1AD8804200B49F60 /* is it primeTests */ = {
			isa = PBXGroup;
			children = (
				2BF520CE1AD8804200B49F60 /* is_it_primeTests.swift */,
				2BF520CC1AD8804200B49F60 /* Supporting Files */,
			);
			path = "is it primeTests";
			sourceTree = "<group>";
		};
		2BF520CC1AD8804200B49F60 /* Supporting Files */ = {
			isa = PBXGroup;
			children = (
				2BF520CD1AD8804200B49F60 /* Info.plist */,
			);
			name = "Supporting Files";
			sourceTree = "<group>";
		};
		2BF520DD1AD8807300B49F60 /* is it prime WatchKit Extension */ = {
			isa = PBXGroup;
			children = (
				2BF520E11AD8807300B49F60 /* InterfaceController.swift */,
				2BF520E31AD8807300B49F60 /* NotificationController.swift */,
				2BF520E51AD8807300B49F60 /* Images.xcassets */,
				2BF520DE1AD8807300B49F60 /* Supporting Files */,
			);
			path = "is it prime WatchKit Extension";
			sourceTree = "<group>";
		};
		2BF520DE1AD8807300B49F60 /* Supporting Files */ = {
			isa = PBXGroup;
			children = (
				2BF520DF1AD8807300B49F60 /* Info.plist */,
				2BF520E01AD8807300B49F60 /* PushNotificationPayload.apns */,
			);
			name = "Supporting Files";
			sourceTree = "<group>";
		};
		2BF520ED1AD8807400B49F60 /* is it prime WatchKit App */ = {
			isa = PBXGroup;
			children = (
				2BF520F01AD8807400B49F60 /* Interface.storyboard */,
				2BF520F31AD8807400B49F60 /* Images.xcassets */,
				2BF520EE1AD8807400B49F60 /* Supporting Files */,
			);
			path = "is it prime WatchKit App";
			sourceTree = "<group>";
		};
		2BF520EE1AD8807400B49F60 /* Supporting Files */ = {
			isa = PBXGroup;
			children = (
				2BF520EF1AD8807400B49F60 /* Info.plist */,
			);
			name = "Supporting Files";
			sourceTree = "<group>";
		};
/* End PBXGroup section */

/* Begin PBXNativeTarget section */
		2BF520B21AD8804100B49F60 /* is it prime */ = {
			isa = PBXNativeTarget;
			buildConfigurationList = 2BF520D21AD8804200B49F60 /* Build configuration list for PBXNativeTarget "is it prime" */;
			buildPhases = (
				2BF520AF1AD8804100B49F60 /* Sources */,
				2BF520B01AD8804100B49F60 /* Frameworks */,
				2BF520B11AD8804100B49F60 /* Resources */,
				2BF520FE1AD8807400B49F60 /* Embed App Extensions */,
			);
			buildRules = (
			);
			dependencies = (
				2BF520F61AD8807400B49F60 /* PBXTargetDependency */,
			);
			name = "is it prime";
			productName = "is it prime";
			productReference = 2BF520B31AD8804100B49F60 /* is it prime.app */;
			productType = "com.apple.product-type.application";
		};
		2BF520C71AD8804200B49F60 /* is it primeTests */ = {
			isa = PBXNativeTarget;
			buildConfigurationList = 2BF520D51AD8804200B49F60 /* Build configuration list for PBXNativeTarget "is it primeTests" */;
			buildPhases = (
				2BF520C41AD8804200B49F60 /* Sources */,
				2BF520C51AD8804200B49F60 /* Frameworks */,
				2BF520C61AD8804200B49F60 /* Resources */,
			);
			buildRules = (
			);
			dependencies = (
				2BF520CA1AD8804200B49F60 /* PBXTargetDependency */,
			);
			name = "is it primeTests";
			productName = "is it primeTests";
			productReference = 2BF520C81AD8804200B49F60 /* is it primeTests.xctest */;
			productType = "com.apple.product-type.bundle.unit-test";
		};
		2BF520DB1AD8807300B49F60 /* is it prime WatchKit Extension */ = {
			isa = PBXNativeTarget;
			buildConfigurationList = 2BF520FB1AD8807400B49F60 /* Build configuration list for PBXNativeTarget "is it prime WatchKit Extension" */;
			buildPhases = (
				2BF520D81AD8807300B49F60 /* Sources */,
				2BF520D91AD8807300B49F60 /* Frameworks */,
				2BF520DA1AD8807300B49F60 /* Resources */,
			);
			buildRules = (
			);
			dependencies = (
				2BF520EC1AD8807400B49F60 /* PBXTargetDependency */,
			);
			name = "is it prime WatchKit Extension";
			productName = "is it prime WatchKit Extension";
			productReference = 2BF520DC1AD8807300B49F60 /* is it prime WatchKit Extension.appex */;
			productType = "com.apple.product-type.watchkit-extension";
		};
		2BF520E81AD8807300B49F60 /* is it prime WatchKit App */ = {
			isa = PBXNativeTarget;
			buildConfigurationList = 2BF520F81AD8807400B49F60 /* Build configuration list for PBXNativeTarget "is it prime WatchKit App" */;
			buildPhases = (
				2BF520E71AD8807300B49F60 /* Resources */,
			);
			buildRules = (
			);
			dependencies = (
			);
			name = "is it prime WatchKit App";
			productName = "is it prime WatchKit App";
			productReference = 2BF520E91AD8807300B49F60 /* is it prime WatchKit App.app */;
			productType = "com.apple.product-type.application.watchapp";
		};
/* End PBXNativeTarget section */

/* Begin PBXProject section */
		2BF520AB1AD8804100B49F60 /* Project object */ = {
			isa = PBXProject;
			attributes = {
				LastUpgradeCheck = 0620;
				ORGANIZATIONNAME = heyogrady;
				TargetAttributes = {
					2BF520B21AD8804100B49F60 = {
						CreatedOnToolsVersion = 6.2;
					};
					2BF520C71AD8804200B49F60 = {
						CreatedOnToolsVersion = 6.2;
						TestTargetID = 2BF520B21AD8804100B49F60;
					};
					2BF520DB1AD8807300B49F60 = {
						CreatedOnToolsVersion = 6.2;
					};
					2BF520E81AD8807300B49F60 = {
						CreatedOnToolsVersion = 6.2;
					};
				};
			};
			buildConfigurationList = 2BF520AE1AD8804100B49F60 /* Build configuration list for PBXProject "is it prime" */;
			compatibilityVersion = "Xcode 3.2";
			developmentRegion = English;
			hasScannedForEncodings = 0;
			knownRegions = (
				en,
				Base,
			);
			mainGroup = 2BF520AA1AD8804100B49F60;
			productRefGroup = 2BF520B41AD8804100B49F60 /* Products */;
			projectDirPath = "";
			projectRoot = "";
			targets = (
				2BF520B21AD8804100B49F60 /* is it prime */,
				2BF520C71AD8804200B49F60 /* is it primeTests */,
				2BF520DB1AD8807300B49F60 /* is it prime WatchKit Extension */,
				2BF520E81AD8807300B49F60 /* is it prime WatchKit App */,
			);
		};
/* End PBXProject section */

/* Begin PBXResourcesBuildPhase section */
		2BF520B11AD8804100B49F60 /* Resources */ = {
			isa = PBXResourcesBuildPhase;
			buildActionMask = 2147483647;
			files = (
				2BF520BE1AD8804200B49F60 /* Main.storyboard in Resources */,
				2BF520C31AD8804200B49F60 /* LaunchScreen.xib in Resources */,
				2BF520C01AD8804200B49F60 /* Images.xcassets in Resources */,
			);
			runOnlyForDeploymentPostprocessing = 0;
		};
		2BF520C61AD8804200B49F60 /* Resources */ = {
			isa = PBXResourcesBuildPhase;
			buildActionMask = 2147483647;
			files = (
			);
			runOnlyForDeploymentPostprocessing = 0;
		};
		2BF520DA1AD8807300B49F60 /* Resources */ = {
			isa = PBXResourcesBuildPhase;
			buildActionMask = 2147483647;
			files = (
				2BF520E61AD8807300B49F60 /* Images.xcassets in Resources */,
				2BF520EA1AD8807400B49F60 /* is it prime WatchKit App.app in Resources */,
			);
			runOnlyForDeploymentPostprocessing = 0;
		};
		2BF520E71AD8807300B49F60 /* Resources */ = {
			isa = PBXResourcesBuildPhase;
			buildActionMask = 2147483647;
			files = (
				2BF520F21AD8807400B49F60 /* Interface.storyboard in Resources */,
				2BF520F41AD8807400B49F60 /* Images.xcassets in Resources */,
			);
			runOnlyForDeploymentPostprocessing = 0;
		};
/* End PBXResourcesBuildPhase section */

/* Begin PBXSourcesBuildPhase section */
		2BF520AF1AD8804100B49F60 /* Sources */ = {
			isa = PBXSourcesBuildPhase;
			buildActionMask = 2147483647;
			files = (
				2BF520BB1AD8804200B49F60 /* ViewController.swift in Sources */,
				2BF520B91AD8804200B49F60 /* AppDelegate.swift in Sources */,
			);
			runOnlyForDeploymentPostprocessing = 0;
		};
		2BF520C41AD8804200B49F60 /* Sources */ = {
			isa = PBXSourcesBuildPhase;
			buildActionMask = 2147483647;
			files = (
				2BF520CF1AD8804200B49F60 /* is_it_primeTests.swift in Sources */,
			);
			runOnlyForDeploymentPostprocessing = 0;
		};
		2BF520D81AD8807300B49F60 /* Sources */ = {
			isa = PBXSourcesBuildPhase;
			buildActionMask = 2147483647;
			files = (
				2BF520E41AD8807300B49F60 /* NotificationController.swift in Sources */,
				2BF520E21AD8807300B49F60 /* InterfaceController.swift in Sources */,
			);
			runOnlyForDeploymentPostprocessing = 0;
		};
/* End PBXSourcesBuildPhase section */

/* Begin PBXTargetDependency section */
		2BF520CA1AD8804200B49F60 /* PBXTargetDependency */ = {
			isa = PBXTargetDependency;
			target = 2BF520B21AD8804100B49F60 /* is it prime */;
			targetProxy = 2BF520C91AD8804200B49F60 /* PBXContainerItemProxy */;
		};
		2BF520EC1AD8807400B49F60 /* PBXTargetDependency */ = {
			isa = PBXTargetDependency;
			target = 2BF520E81AD8807300B49F60 /* is it prime WatchKit App */;
			targetProxy = 2BF520EB1AD8807400B49F60 /* PBXContainerItemProxy */;
		};
		2BF520F61AD8807400B49F60 /* PBXTargetDependency */ = {
			isa = PBXTargetDependency;
			target = 2BF520DB1AD8807300B49F60 /* is it prime WatchKit Extension */;
			targetProxy = 2BF520F51AD8807400B49F60 /* PBXContainerItemProxy */;
		};
/* End PBXTargetDependency section */

/* Begin PBXVariantGroup section */
		2BF520BC1AD8804200B49F60 /* Main.storyboard */ = {
			isa = PBXVariantGroup;
			children = (
				2BF520BD1AD8804200B49F60 /* Base */,
			);
			name = Main.storyboard;
			sourceTree = "<group>";
		};
		2BF520C11AD8804200B49F60 /* LaunchScreen.xib */ = {
			isa = PBXVariantGroup;
			children = (
				2BF520C21AD8804200B49F60 /* Base */,
			);
			name = LaunchScreen.xib;
			sourceTree = "<group>";
		};
		2BF520F01AD8807400B49F60 /* Interface.storyboard */ = {
			isa = PBXVariantGroup;
			children = (
				2BF520F11AD8807400B49F60 /* Base */,
			);
			name = Interface.storyboard;
			sourceTree = "<group>";
		};
/* End PBXVariantGroup section */

/* Begin XCBuildConfiguration section */
		2BF520D01AD8804200B49F60 /* Debug */ = {
			isa = XCBuildConfiguration;
			buildSettings = {
				ALWAYS_SEARCH_USER_PATHS = NO;
				CLANG_CXX_LANGUAGE_STANDARD = "gnu++0x";
				CLANG_CXX_LIBRARY = "libc++";
				CLANG_ENABLE_MODULES = YES;
				CLANG_ENABLE_OBJC_ARC = YES;
				CLANG_WARN_BOOL_CONVERSION = YES;
				CLANG_WARN_CONSTANT_CONVERSION = YES;
				CLANG_WARN_DIRECT_OBJC_ISA_USAGE = YES_ERROR;
				CLANG_WARN_EMPTY_BODY = YES;
				CLANG_WARN_ENUM_CONVERSION = YES;
				CLANG_WARN_INT_CONVERSION = YES;
				CLANG_WARN_OBJC_ROOT_CLASS = YES_ERROR;
				CLANG_WARN_UNREACHABLE_CODE = YES;
				CLANG_WARN__DUPLICATE_METHOD_MATCH = YES;
				"CODE_SIGN_IDENTITY[sdk=iphoneos*]" = "iPhone Developer";
				COPY_PHASE_STRIP = NO;
				ENABLE_STRICT_OBJC_MSGSEND = YES;
				GCC_C_LANGUAGE_STANDARD = gnu99;
				GCC_DYNAMIC_NO_PIC = NO;
				GCC_OPTIMIZATION_LEVEL = 0;
				GCC_PREPROCESSOR_DEFINITIONS = (
					"DEBUG=1",
					"$(inherited)",
				);
				GCC_SYMBOLS_PRIVATE_EXTERN = NO;
				GCC_WARN_64_TO_32_BIT_CONVERSION = YES;
				GCC_WARN_ABOUT_RETURN_TYPE = YES_ERROR;
				GCC_WARN_UNDECLARED_SELECTOR = YES;
				GCC_WARN_UNINITIALIZED_AUTOS = YES_AGGRESSIVE;
				GCC_WARN_UNUSED_FUNCTION = YES;
				GCC_WARN_UNUSED_VARIABLE = YES;
				IPHONEOS_DEPLOYMENT_TARGET = 8.2;
				MTL_ENABLE_DEBUG_INFO = YES;
				ONLY_ACTIVE_ARCH = YES;
				SDKROOT = iphoneos;
				SWIFT_OPTIMIZATION_LEVEL = "-Onone";
				TARGETED_DEVICE_FAMILY = "1,2";
			};
			name = Debug;
		};
		2BF520D11AD8804200B49F60 /* Release */ = {
			isa = XCBuildConfiguration;
			buildSettings = {
				ALWAYS_SEARCH_USER_PATHS = NO;
				CLANG_CXX_LANGUAGE_STANDARD = "gnu++0x";
				CLANG_CXX_LIBRARY = "libc++";
				CLANG_ENABLE_MODULES = YES;
				CLANG_ENABLE_OBJC_ARC = YES;
				CLANG_WARN_BOOL_CONVERSION = YES;
				CLANG_WARN_CONSTANT_CONVERSION = YES;
				CLANG_WARN_DIRECT_OBJC_ISA_USAGE = YES_ERROR;
				CLANG_WARN_EMPTY_BODY = YES;
				CLANG_WARN_ENUM_CONVERSION = YES;
				CLANG_WARN_INT_CONVERSION = YES;
				CLANG_WARN_OBJC_ROOT_CLASS = YES_ERROR;
				CLANG_WARN_UNREACHABLE_CODE = YES;
				CLANG_WARN__DUPLICATE_METHOD_MATCH = YES;
				"CODE_SIGN_IDENTITY[sdk=iphoneos*]" = "iPhone Developer";
				COPY_PHASE_STRIP = NO;
				ENABLE_NS_ASSERTIONS = NO;
				ENABLE_STRICT_OBJC_MSGSEND = YES;
				GCC_C_LANGUAGE_STANDARD = gnu99;
				GCC_WARN_64_TO_32_BIT_CONVERSION = YES;
				GCC_WARN_ABOUT_RETURN_TYPE = YES_ERROR;
				GCC_WARN_UNDECLARED_SELECTOR = YES;
				GCC_WARN_UNINITIALIZED_AUTOS = YES_AGGRESSIVE;
				GCC_WARN_UNUSED_FUNCTION = YES;
				GCC_WARN_UNUSED_VARIABLE = YES;
				IPHONEOS_DEPLOYMENT_TARGET = 8.2;
				MTL_ENABLE_DEBUG_INFO = NO;
				SDKROOT = iphoneos;
				TARGETED_DEVICE_FAMILY = "1,2";
				VALIDATE_PRODUCT = YES;
			};
			name = Release;
		};
		2BF520D31AD8804200B49F60 /* Debug */ = {
			isa = XCBuildConfiguration;
			buildSettings = {
				ASSETCATALOG_COMPILER_APPICON_NAME = AppIcon;
				EMBEDDED_CONTENT_CONTAINS_SWIFT = YES;
				INFOPLIST_FILE = "is it prime/Info.plist";
				LD_RUNPATH_SEARCH_PATHS = "$(inherited) @executable_path/Frameworks";
				PRODUCT_NAME = "$(TARGET_NAME)";
			};
			name = Debug;
		};
		2BF520D41AD8804200B49F60 /* Release */ = {
			isa = XCBuildConfiguration;
			buildSettings = {
				ASSETCATALOG_COMPILER_APPICON_NAME = AppIcon;
				EMBEDDED_CONTENT_CONTAINS_SWIFT = YES;
				INFOPLIST_FILE = "is it prime/Info.plist";
				LD_RUNPATH_SEARCH_PATHS = "$(inherited) @executable_path/Frameworks";
				PRODUCT_NAME = "$(TARGET_NAME)";
			};
			name = Release;
		};
		2BF520D61AD8804200B49F60 /* Debug */ = {
			isa = XCBuildConfiguration;
			buildSettings = {
				BUNDLE_LOADER = "$(TEST_HOST)";
				FRAMEWORK_SEARCH_PATHS = (
					"$(SDKROOT)/Developer/Library/Frameworks",
					"$(inherited)",
				);
				GCC_PREPROCESSOR_DEFINITIONS = (
					"DEBUG=1",
					"$(inherited)",
				);
				INFOPLIST_FILE = "is it primeTests/Info.plist";
				LD_RUNPATH_SEARCH_PATHS = "$(inherited) @executable_path/Frameworks @loader_path/Frameworks";
				PRODUCT_NAME = "$(TARGET_NAME)";
				TEST_HOST = "$(BUILT_PRODUCTS_DIR)/is it prime.app/is it prime";
			};
			name = Debug;
		};
		2BF520D71AD8804200B49F60 /* Release */ = {
			isa = XCBuildConfiguration;
			buildSettings = {
				BUNDLE_LOADER = "$(TEST_HOST)";
				FRAMEWORK_SEARCH_PATHS = (
					"$(SDKROOT)/Developer/Library/Frameworks",
					"$(inherited)",
				);
				INFOPLIST_FILE = "is it primeTests/Info.plist";
				LD_RUNPATH_SEARCH_PATHS = "$(inherited) @executable_path/Frameworks @loader_path/Frameworks";
				PRODUCT_NAME = "$(TARGET_NAME)";
				TEST_HOST = "$(BUILT_PRODUCTS_DIR)/is it prime.app/is it prime";
			};
			name = Release;
		};
		2BF520F91AD8807400B49F60 /* Debug */ = {
			isa = XCBuildConfiguration;
			buildSettings = {
				ASSETCATALOG_COMPILER_APPICON_NAME = AppIcon;
				GCC_PREPROCESSOR_DEFINITIONS = (
					"DEBUG=1",
					"$(inherited)",
				);
				IBSC_MODULE = is_it_prime_WatchKit_Extension;
				INFOPLIST_FILE = "is it prime WatchKit App/Info.plist";
				PRODUCT_NAME = "$(TARGET_NAME)";
				SKIP_INSTALL = YES;
				TARGETED_DEVICE_FAMILY = 4;
				"TARGETED_DEVICE_FAMILY[sdk=iphonesimulator*]" = "1,4";
			};
			name = Debug;
		};
		2BF520FA1AD8807400B49F60 /* Release */ = {
			isa = XCBuildConfiguration;
			buildSettings = {
				ASSETCATALOG_COMPILER_APPICON_NAME = AppIcon;
				IBSC_MODULE = is_it_prime_WatchKit_Extension;
				INFOPLIST_FILE = "is it prime WatchKit App/Info.plist";
				PRODUCT_NAME = "$(TARGET_NAME)";
				SKIP_INSTALL = YES;
				TARGETED_DEVICE_FAMILY = 4;
				"TARGETED_DEVICE_FAMILY[sdk=iphonesimulator*]" = "1,4";
			};
			name = Release;
		};
		2BF520FC1AD8807400B49F60 /* Debug */ = {
			isa = XCBuildConfiguration;
			buildSettings = {
				GCC_PREPROCESSOR_DEFINITIONS = (
					"DEBUG=1",
					"$(inherited)",
				);
				INFOPLIST_FILE = "is it prime WatchKit Extension/Info.plist";
				LD_RUNPATH_SEARCH_PATHS = "$(inherited) @executable_path/Frameworks @executable_path/../../Frameworks";
				PRODUCT_NAME = "${TARGET_NAME}";
				SKIP_INSTALL = YES;
			};
			name = Debug;
		};
		2BF520FD1AD8807400B49F60 /* Release */ = {
			isa = XCBuildConfiguration;
			buildSettings = {
				INFOPLIST_FILE = "is it prime WatchKit Extension/Info.plist";
				LD_RUNPATH_SEARCH_PATHS = "$(inherited) @executable_path/Frameworks @executable_path/../../Frameworks";
				PRODUCT_NAME = "${TARGET_NAME}";
				SKIP_INSTALL = YES;
			};
			name = Release;
		};
/* End XCBuildConfiguration section */

/* Begin XCConfigurationList section */
		2BF520AE1AD8804100B49F60 /* Build configuration list for PBXProject "is it prime" */ = {
			isa = XCConfigurationList;
			buildConfigurations = (
				2BF520D01AD8804200B49F60 /* Debug */,
				2BF520D11AD8804200B49F60 /* Release */,
			);
			defaultConfigurationIsVisible = 0;
			defaultConfigurationName = Release;
		};
		2BF520D21AD8804200B49F60 /* Build configuration list for PBXNativeTarget "is it prime" */ = {
			isa = XCConfigurationList;
			buildConfigurations = (
				2BF520D31AD8804200B49F60 /* Debug */,
				2BF520D41AD8804200B49F60 /* Release */,
			);
			defaultConfigurationIsVisible = 0;
		};
		2BF520D51AD8804200B49F60 /* Build configuration list for PBXNativeTarget "is it primeTests" */ = {
			isa = XCConfigurationList;
			buildConfigurations = (
				2BF520D61AD8804200B49F60 /* Debug */,
				2BF520D71AD8804200B49F60 /* Release */,
			);
			defaultConfigurationIsVisible = 0;
		};
		2BF520F81AD8807400B49F60 /* Build configuration list for PBXNativeTarget "is it prime WatchKit App" */ = {
			isa = XCConfigurationList;
			buildConfigurations = (
				2BF520F91AD8807400B49F60 /* Debug */,
				2BF520FA1AD8807400B49F60 /* Release */,
			);
			defaultConfigurationIsVisible = 0;
		};
		2BF520FB1AD8807400B49F60 /* Build configuration list for PBXNativeTarget "is it prime WatchKit Extension" */ = {
			isa = XCConfigurationList;
			buildConfigurations = (
				2BF520FC1AD8807400B49F60 /* Debug */,
				2BF520FD1AD8807400B49F60 /* Release */,
			);
			defaultConfigurationIsVisible = 0;
		};
/* End XCConfigurationList section */
	};
	rootObject = 2BF520AB1AD8804100B49F60 /* Project object */;
}
